{
  "name": "vite-custom-element",
  "lockfileVersion": 2,
  "requires": true,
  "packages": {
    "": {
      "dependencies": {
        "texsaur": "file:../../package"
      }
    },
    "../../package": {
      "version": "0.6.4",
      "license": "MIT",
      "dependencies": {
        "typescript": "^4.9.5"
      },
      "devDependencies": {
        "@types/chai": "^4.2.21",
        "@types/expect": "^24.3.0",
        "@types/jsdom": "^16.2.14",
        "@types/mocha": "^8.2.3",
        "chai": "^4.3.4",
        "cross-env": "^7.0.3",
        "esm": "^3.2.25",
        "jsdom": "^19.0.0",
        "mocha": "^9.2.2",
        "ts-node": "^10.9.1"
      }
    },
    "node_modules/texsaur": {
      "resolved": "../../package",
      "link": true
    }
  },
  "dependencies": {
    "texsaur": {
      "version": "file:../../package",
      "requires": {
        "@types/chai": "^4.2.21",
        "@types/expect": "^24.3.0",
        "@types/jsdom": "^16.2.14",
        "@types/mocha": "^8.2.3",
        "chai": "^4.3.4",
        "cross-env": "^7.0.3",
        "esm": "^3.2.25",
        "jsdom": "^19.0.0",
        "mocha": "^9.2.2",
        "ts-node": "^10.9.1",
        "typescript": "^4.9.5"
      }
    }
  }
}
